
Microsoft Visual Studio Solution File, Format Version 12.00
# Visual Studio Version 17
VisualStudioVersion = 17.6.33723.286
MinimumVisualStudioVersion = 10.0.40219.1
Project("{FAE04EC0-301F-11D3-BF4B-00C04F79EFBC}") = "PR 4 Silhouet", "PR 4 Silhouet\PR 4 Silhouet.csproj", "{EDC11BB5-7950-45D8-BCDB-CC3215314839}"
EndProject
Global
	GlobalSection(SolutionConfigurationPlatforms) = preSolution
		Debug|Any CPU = Debug|Any CPU
		Release|Any CPU = Release|Any CPU
	EndGlobalSection
	GlobalSection(ProjectConfigurationPlatforms) = postSolution
		{EDC11BB5-7950-45D8-BCDB-CC3215314839}.Debug|Any CPU.ActiveCfg = Debug|Any CPU
		{EDC11BB5-7950-45D8-BCDB-CC3215314839}.Debug|Any CPU.Build.0 = Debug|Any CPU
		{EDC11BB5-7950-45D8-BCDB-CC3215314839}.Release|Any CPU.ActiveCfg = Release|Any CPU
		{EDC11BB5-7950-45D8-BCDB-CC3215314839}.Release|Any CPU.Build.0 = Release|Any CPU
	EndGlobalSection
	GlobalSection(SolutionProperties) = preSolution
		HideSolutionNode = FALSE
	EndGlobalSection
	GlobalSection(ExtensibilityGlobals) = postSolution
		SolutionGuid = {33918E50-575B-484C-91D1-CF4EB16A3AC3}
	EndGlobalSection
EndGlobal
